
Microsoft Visual Studio Solution File, Format Version 12.00
# Visual Studio Version 17
VisualStudioVersion = 17.10.34928.147
MinimumVisualStudioVersion = 10.0.40219.1
Project("{9A19103F-16F7-4668-BE54-9A1E7A4F7556}") = "UTIC_WindowsForm_By_Fazal", "UTIC_WindowsForm_By_Fazal.csproj", "{CAB84D34-B723-4AB5-AD98-B3DF8B4D89A2}"
EndProject
Global
	GlobalSection(SolutionConfigurationPlatforms) = preSolution
		Debug|Any CPU = Debug|Any CPU
		Release|Any CPU = Release|Any CPU
	EndGlobalSection
	GlobalSection(ProjectConfigurationPlatforms) = postSolution
		{CAB84D34-B723-4AB5-AD98-B3DF8B4D89A2}.Debug|Any CPU.ActiveCfg = Debug|Any CPU
		{CAB84D34-B723-4AB5-AD98-B3DF8B4D89A2}.Debug|Any CPU.Build.0 = Debug|Any CPU
		{CAB84D34-B723-4AB5-AD98-B3DF8B4D89A2}.Release|Any CPU.ActiveCfg = Release|Any CPU
		{CAB84D34-B723-4AB5-AD98-B3DF8B4D89A2}.Release|Any CPU.Build.0 = Release|Any CPU
	EndGlobalSection
	GlobalSection(SolutionProperties) = preSolution
		HideSolutionNode = FALSE
	EndGlobalSection
	GlobalSection(ExtensibilityGlobals) = postSolution
		SolutionGuid = {FB266AB8-CB6F-413F-9D2F-84840F5AF127}
	EndGlobalSection
EndGlobal
